
Microsoft Visual Studio Solution File, Format Version 12.00
# Visual Studio 15
VisualStudioVersion = 15.0.28010.2050
MinimumVisualStudioVersion = 10.0.40219.1
Project("{FAE04EC0-301F-11D3-BF4B-00C04F79EFBC}") = "shatteredcake", "shatteredcake\shatteredcake.csproj", "{319C8626-8D17-4995-A3D3-F1AB6123873F}"
EndProject
Global
	GlobalSection(SolutionConfigurationPlatforms) = preSolution
		Debug|Any CPU = Debug|Any CPU
		Release|Any CPU = Release|Any CPU
	EndGlobalSection
	GlobalSection(ProjectConfigurationPlatforms) = postSolution
		{319C8626-8D17-4995-A3D3-F1AB6123873F}.Debug|Any CPU.ActiveCfg = Debug|Any CPU
		{319C8626-8D17-4995-A3D3-F1AB6123873F}.Debug|Any CPU.Build.0 = Debug|Any CPU
		{319C8626-8D17-4995-A3D3-F1AB6123873F}.Release|Any CPU.ActiveCfg = Release|Any CPU
		{319C8626-8D17-4995-A3D3-F1AB6123873F}.Release|Any CPU.Build.0 = Release|Any CPU
	EndGlobalSection
	GlobalSection(SolutionProperties) = preSolution
		HideSolutionNode = FALSE
	EndGlobalSection
	GlobalSection(ExtensibilityGlobals) = postSolution
		SolutionGuid = {B8E9EDA0-DBF8-4B80-A3E1-FE43AF5CD621}
	EndGlobalSection
EndGlobal
